{
  "name": "lucky-egg-hatch",
  "version": "1.0.0",
  "lockfileVersion": 3,
  "requires": true,
  "packages": {
    "": {
      "name": "lucky-egg-hatch",
      "version": "1.0.0",
      "license": "ISC",
      "devDependencies": {
        "create-iota-dapp": "^1.0.2"
      }
    },
    "node_modules/create-iota-dapp": {
      "version": "1.0.2",
      "resolved": "https://registry.npmjs.org/create-iota-dapp/-/create-iota-dapp-1.0.2.tgz",
      "integrity": "sha512-0sbP8CD3b4QoskvxPftRFfggYw1WzbTsr1GD0Q1dtgemeMtTHo+Ao48Y5j7nHizq7uQJk4ABHc7du8SthF5uTg==",
      "dev": true,
      "license": "MIT",
      "bin": {
        "create-iota-dapp": "bin/index.js",
        "iota-deploy": "scripts/deploy.js",
        "iota-generate-prompt": "scripts/generate-prompt.js"
      },
      "engines": {
        "node": ">=18.0.0"
      }
    }
  }
}
